
Microsoft Visual Studio Solution File, Format Version 12.00
# Visual Studio Version 17
VisualStudioVersion = 17.4.32916.344
MinimumVisualStudioVersion = 10.0.40219.1
Project("{9A19103F-16F7-4668-BE54-9A1E7A4F7556}") = "Aoc202201", "Aoc202201\Aoc202201.csproj", "{466D0C76-5C50-4911-AA26-219D5F872B2F}"
EndProject
Project("{9A19103F-16F7-4668-BE54-9A1E7A4F7556}") = "Aoc202202", "Aoc202202\Aoc202202.csproj", "{034E7704-F344-44AE-A894-BC806A3E6D50}"
EndProject
Project("{9A19103F-16F7-4668-BE54-9A1E7A4F7556}") = "Aoc202203", "Aoc202203\Aoc202203.csproj", "{239F548E-290D-4775-9D04-A403AE1D6B5A}"
EndProject
Project("{9A19103F-16F7-4668-BE54-9A1E7A4F7556}") = "Aoc202204", "Aoc202204\Aoc202204.csproj", "{F31064EE-83F7-4FAA-A7A7-E953F1DB52C0}"
EndProject
Project("{9A19103F-16F7-4668-BE54-9A1E7A4F7556}") = "Aoc202205", "Aoc202205\Aoc202205.csproj", "{8B36867A-06CE-4CA0-92C3-DFC3E098B649}"
EndProject
Project("{9A19103F-16F7-4668-BE54-9A1E7A4F7556}") = "Aoc202206", "Aoc202206\Aoc202206.csproj", "{6D3A506F-F65F-4879-A85E-C7FAC9C5A775}"
EndProject
Project("{9A19103F-16F7-4668-BE54-9A1E7A4F7556}") = "Aoc202207", "Aoc202207\Aoc202207.csproj", "{933966BE-8322-4AB2-964C-7A02925839A8}"
EndProject
Project("{9A19103F-16F7-4668-BE54-9A1E7A4F7556}") = "Aoc202208", "Aoc202208\Aoc202208.csproj", "{5D35F4E5-4846-4CE8-932C-47C7DEBDAEB2}"
EndProject
Project("{9A19103F-16F7-4668-BE54-9A1E7A4F7556}") = "Aoc202209", "Aoc202209\Aoc202209.csproj", "{C3CB93D8-BDB9-4C58-9EE1-8854231E442E}"
EndProject
Project("{FAE04EC0-301F-11D3-BF4B-00C04F79EFBC}") = "Aoc202210", "Aoc202210\Aoc202210.csproj", "{9C4614B7-19F7-4CF5-92EA-7C926274846B}"
EndProject
Global
	GlobalSection(SolutionConfigurationPlatforms) = preSolution
		Debug|Any CPU = Debug|Any CPU
		Release|Any CPU = Release|Any CPU
	EndGlobalSection
	GlobalSection(ProjectConfigurationPlatforms) = postSolution
		{466D0C76-5C50-4911-AA26-219D5F872B2F}.Debug|Any CPU.ActiveCfg = Debug|Any CPU
		{466D0C76-5C50-4911-AA26-219D5F872B2F}.Debug|Any CPU.Build.0 = Debug|Any CPU
		{466D0C76-5C50-4911-AA26-219D5F872B2F}.Release|Any CPU.ActiveCfg = Release|Any CPU
		{466D0C76-5C50-4911-AA26-219D5F872B2F}.Release|Any CPU.Build.0 = Release|Any CPU
		{034E7704-F344-44AE-A894-BC806A3E6D50}.Debug|Any CPU.ActiveCfg = Debug|Any CPU
		{034E7704-F344-44AE-A894-BC806A3E6D50}.Debug|Any CPU.Build.0 = Debug|Any CPU
		{034E7704-F344-44AE-A894-BC806A3E6D50}.Release|Any CPU.ActiveCfg = Release|Any CPU
		{034E7704-F344-44AE-A894-BC806A3E6D50}.Release|Any CPU.Build.0 = Release|Any CPU
		{239F548E-290D-4775-9D04-A403AE1D6B5A}.Debug|Any CPU.ActiveCfg = Debug|Any CPU
		{239F548E-290D-4775-9D04-A403AE1D6B5A}.Debug|Any CPU.Build.0 = Debug|Any CPU
		{239F548E-290D-4775-9D04-A403AE1D6B5A}.Release|Any CPU.ActiveCfg = Release|Any CPU
		{239F548E-290D-4775-9D04-A403AE1D6B5A}.Release|Any CPU.Build.0 = Release|Any CPU
		{F31064EE-83F7-4FAA-A7A7-E953F1DB52C0}.Debug|Any CPU.ActiveCfg = Debug|Any CPU
		{F31064EE-83F7-4FAA-A7A7-E953F1DB52C0}.Debug|Any CPU.Build.0 = Debug|Any CPU
		{F31064EE-83F7-4FAA-A7A7-E953F1DB52C0}.Release|Any CPU.ActiveCfg = Release|Any CPU
		{F31064EE-83F7-4FAA-A7A7-E953F1DB52C0}.Release|Any CPU.Build.0 = Release|Any CPU
		{8B36867A-06CE-4CA0-92C3-DFC3E098B649}.Debug|Any CPU.ActiveCfg = Debug|Any CPU
		{8B36867A-06CE-4CA0-92C3-DFC3E098B649}.Debug|Any CPU.Build.0 = Debug|Any CPU
		{8B36867A-06CE-4CA0-92C3-DFC3E098B649}.Release|Any CPU.ActiveCfg = Release|Any CPU
		{8B36867A-06CE-4CA0-92C3-DFC3E098B649}.Release|Any CPU.Build.0 = Release|Any CPU
		{6D3A506F-F65F-4879-A85E-C7FAC9C5A775}.Debug|Any CPU.ActiveCfg = Debug|Any CPU
		{6D3A506F-F65F-4879-A85E-C7FAC9C5A775}.Debug|Any CPU.Build.0 = Debug|Any CPU
		{6D3A506F-F65F-4879-A85E-C7FAC9C5A775}.Release|Any CPU.ActiveCfg = Release|Any CPU
		{6D3A506F-F65F-4879-A85E-C7FAC9C5A775}.Release|Any CPU.Build.0 = Release|Any CPU
		{933966BE-8322-4AB2-964C-7A02925839A8}.Debug|Any CPU.ActiveCfg = Debug|Any CPU
		{933966BE-8322-4AB2-964C-7A02925839A8}.Debug|Any CPU.Build.0 = Debug|Any CPU
		{933966BE-8322-4AB2-964C-7A02925839A8}.Release|Any CPU.ActiveCfg = Release|Any CPU
		{933966BE-8322-4AB2-964C-7A02925839A8}.Release|Any CPU.Build.0 = Release|Any CPU
		{5D35F4E5-4846-4CE8-932C-47C7DEBDAEB2}.Debug|Any CPU.ActiveCfg = Debug|Any CPU
		{5D35F4E5-4846-4CE8-932C-47C7DEBDAEB2}.Debug|Any CPU.Build.0 = Debug|Any CPU
		{5D35F4E5-4846-4CE8-932C-47C7DEBDAEB2}.Release|Any CPU.ActiveCfg = Release|Any CPU
		{5D35F4E5-4846-4CE8-932C-47C7DEBDAEB2}.Release|Any CPU.Build.0 = Release|Any CPU
		{C3CB93D8-BDB9-4C58-9EE1-8854231E442E}.Debug|Any CPU.ActiveCfg = Debug|Any CPU
		{C3CB93D8-BDB9-4C58-9EE1-8854231E442E}.Debug|Any CPU.Build.0 = Debug|Any CPU
		{C3CB93D8-BDB9-4C58-9EE1-8854231E442E}.Release|Any CPU.ActiveCfg = Release|Any CPU
		{C3CB93D8-BDB9-4C58-9EE1-8854231E442E}.Release|Any CPU.Build.0 = Release|Any CPU
		{9C4614B7-19F7-4CF5-92EA-7C926274846B}.Debug|Any CPU.ActiveCfg = Debug|Any CPU
		{9C4614B7-19F7-4CF5-92EA-7C926274846B}.Debug|Any CPU.Build.0 = Debug|Any CPU
		{9C4614B7-19F7-4CF5-92EA-7C926274846B}.Release|Any CPU.ActiveCfg = Release|Any CPU
		{9C4614B7-19F7-4CF5-92EA-7C926274846B}.Release|Any CPU.Build.0 = Release|Any CPU
	EndGlobalSection
	GlobalSection(SolutionProperties) = preSolution
		HideSolutionNode = FALSE
	EndGlobalSection
	GlobalSection(ExtensibilityGlobals) = postSolution
		SolutionGuid = {4C82FC49-A32B-4127-964D-3C69F42877AC}
	EndGlobalSection
EndGlobal
